
Microsoft Visual Studio Solution File, Format Version 12.00
# Visual Studio Version 16
VisualStudioVersion = 25.0.1706.4
MinimumVisualStudioVersion = 10.0.40219.1
Project("{FAE04EC0-301F-11D3-BF4B-00C04F79EFBC}") = "RetryPattent", "RetryPattent\RetryPattent.csproj", "{500AB30A-7137-4808-9951-E9763D07F157}"
EndProject
Project("{2150E333-8FDC-42A3-9474-1A3956D46DE8}") = "Solution Items", "Solution Items", "{273E4749-E864-4F79-AE12-888F66482ECF}"
	ProjectSection(SolutionItems) = preProject
		README.md = README.md
	EndProjectSection
EndProject
Global
	GlobalSection(SolutionConfigurationPlatforms) = preSolution
		Debug|Any CPU = Debug|Any CPU
		Release|Any CPU = Release|Any CPU
	EndGlobalSection
	GlobalSection(ProjectConfigurationPlatforms) = postSolution
		{500AB30A-7137-4808-9951-E9763D07F157}.Debug|Any CPU.ActiveCfg = Debug|Any CPU
		{500AB30A-7137-4808-9951-E9763D07F157}.Debug|Any CPU.Build.0 = Debug|Any CPU
		{500AB30A-7137-4808-9951-E9763D07F157}.Release|Any CPU.ActiveCfg = Release|Any CPU
		{500AB30A-7137-4808-9951-E9763D07F157}.Release|Any CPU.Build.0 = Release|Any CPU
	EndGlobalSection
	GlobalSection(SolutionProperties) = preSolution
		HideSolutionNode = FALSE
	EndGlobalSection
	GlobalSection(ExtensibilityGlobals) = postSolution
		SolutionGuid = {7A628F64-3291-4B50-94CE-48E485C04071}
	EndGlobalSection
EndGlobal
